// !$*UTF8*$!
{
	archiveVersion = 1;
	classes = {
	};
	objectVersion = 46;
	objects = {

/* Begin PBXBuildFile section */
		DC065DF61E5D2ACE00C96661 /* StringExtension.swift in Sources */ = {isa = PBXBuildFile; fileRef = DC065DF51E5D2ACE00C96661 /* StringExtension.swift */; };
		DC18D9A41E519FF6002596E9 /* CardViewController.swift in Sources */ = {isa = PBXBuildFile; fileRef = DC18D9A31E519FF6002596E9 /* CardViewController.swift */; };
		DC2529451E52E650006F2DEC /* NSString+Japanese.m in Sources */ = {isa = PBXBuildFile; fileRef = DC2529441E52E650006F2DEC /* NSString+Japanese.m */; };
		DC2A8DB01E5EE901007DE893 /* char.bin in Resources */ = {isa = PBXBuildFile; fileRef = DC2A8DA71E5EE901007DE893 /* char.bin */; };
		DC2A8DB11E5EE901007DE893 /* dicrc in Resources */ = {isa = PBXBuildFile; fileRef = DC2A8DA81E5EE901007DE893 /* dicrc */; };
		DC2A8DB21E5EE901007DE893 /* left-id.def in Resources */ = {isa = PBXBuildFile; fileRef = DC2A8DA91E5EE901007DE893 /* left-id.def */; };
		DC2A8DB31E5EE901007DE893 /* matrix.bin in Resources */ = {isa = PBXBuildFile; fileRef = DC2A8DAA1E5EE901007DE893 /* matrix.bin */; };
		DC2A8DB41E5EE901007DE893 /* pos-id.def in Resources */ = {isa = PBXBuildFile; fileRef = DC2A8DAB1E5EE901007DE893 /* pos-id.def */; };
		DC2A8DB51E5EE901007DE893 /* rewrite.def in Resources */ = {isa = PBXBuildFile; fileRef = DC2A8DAC1E5EE901007DE893 /* rewrite.def */; };
		DC2A8DB61E5EE901007DE893 /* right-id.def in Resources */ = {isa = PBXBuildFile; fileRef = DC2A8DAD1E5EE901007DE893 /* right-id.def */; };
		DC2A8DB71E5EE901007DE893 /* sys.dic in Resources */ = {isa = PBXBuildFile; fileRef = DC2A8DAE1E5EE901007DE893 /* sys.dic */; };
		DC2A8DB81E5EE901007DE893 /* unk.dic in Resources */ = {isa = PBXBuildFile; fileRef = DC2A8DAF1E5EE901007DE893 /* unk.dic */; };
		DC2A8DBF1E5EE919007DE893 /* mecabrc in Resources */ = {isa = PBXBuildFile; fileRef = DC2A8DBA1E5EE919007DE893 /* mecabrc */; };
		DC2A8DC01E5EE919007DE893 /* MeCabUtil.m in Sources */ = {isa = PBXBuildFile; fileRef = DC2A8DBC1E5EE919007DE893 /* MeCabUtil.m */; };
		DC2A8DC11E5EE919007DE893 /* Node.m in Sources */ = {isa = PBXBuildFile; fileRef = DC2A8DBE1E5EE919007DE893 /* Node.m */; };
		DC2A8DC31E5EE970007DE893 /* libmecab.a in Frameworks */ = {isa = PBXBuildFile; fileRef = DC2A8DA51E5EE8DC007DE893 /* libmecab.a */; };
		DC2A8DC61E5EE983007DE893 /* libiconv.tbd in Frameworks */ = {isa = PBXBuildFile; fileRef = DC2A8DC51E5EE983007DE893 /* libiconv.tbd */; };
		DC2A8DC81E5EE99C007DE893 /* libstdc++.tbd in Frameworks */ = {isa = PBXBuildFile; fileRef = DC2A8DC71E5EE99C007DE893 /* libstdc++.tbd */; };
		DC2A8DD01E60046B007DE893 /* YYLabel.m in Sources */ = {isa = PBXBuildFile; fileRef = DC2A8DCC1E60046B007DE893 /* YYLabel.m */; };
		DC2A8DD11E60046B007DE893 /* YYTextView.m in Sources */ = {isa = PBXBuildFile; fileRef = DC2A8DCF1E60046B007DE893 /* YYTextView.m */; };
		DC2A8DE71E6004A7007DE893 /* YYTextContainerView.m in Sources */ = {isa = PBXBuildFile; fileRef = DC2A8DD61E6004A7007DE893 /* YYTextContainerView.m */; };
		DC2A8DE81E6004A7007DE893 /* YYTextDebugOption.m in Sources */ = {isa = PBXBuildFile; fileRef = DC2A8DD81E6004A7007DE893 /* YYTextDebugOption.m */; };
		DC2A8DE91E6004A7007DE893 /* YYTextEffectWindow.m in Sources */ = {isa = PBXBuildFile; fileRef = DC2A8DDA1E6004A7007DE893 /* YYTextEffectWindow.m */; };
		DC2A8DEA1E6004A7007DE893 /* YYTextInput.m in Sources */ = {isa = PBXBuildFile; fileRef = DC2A8DDC1E6004A7007DE893 /* YYTextInput.m */; };
		DC2A8DEB1E6004A7007DE893 /* YYTextKeyboardManager.m in Sources */ = {isa = PBXBuildFile; fileRef = DC2A8DDE1E6004A7007DE893 /* YYTextKeyboardManager.m */; };
		DC2A8DEC1E6004A7007DE893 /* YYTextLayout.m in Sources */ = {isa = PBXBuildFile; fileRef = DC2A8DE01E6004A7007DE893 /* YYTextLayout.m */; };
		DC2A8DED1E6004A7007DE893 /* YYTextLine.m in Sources */ = {isa = PBXBuildFile; fileRef = DC2A8DE21E6004A7007DE893 /* YYTextLine.m */; };
		DC2A8DEE1E6004A7007DE893 /* YYTextMagnifier.m in Sources */ = {isa = PBXBuildFile; fileRef = DC2A8DE41E6004A7007DE893 /* YYTextMagnifier.m */; };
		DC2A8DEF1E6004A7007DE893 /* YYTextSelectionView.m in Sources */ = {isa = PBXBuildFile; fileRef = DC2A8DE61E6004A7007DE893 /* YYTextSelectionView.m */; };
		DC2A8DFA1E6004B0007DE893 /* YYTextArchiver.m in Sources */ = {isa = PBXBuildFile; fileRef = DC2A8DF11E6004B0007DE893 /* YYTextArchiver.m */; };
		DC2A8DFB1E6004B0007DE893 /* YYTextAttribute.m in Sources */ = {isa = PBXBuildFile; fileRef = DC2A8DF31E6004B0007DE893 /* YYTextAttribute.m */; };
		DC2A8DFC1E6004B0007DE893 /* YYTextParser.m in Sources */ = {isa = PBXBuildFile; fileRef = DC2A8DF51E6004B0007DE893 /* YYTextParser.m */; };
		DC2A8DFD1E6004B0007DE893 /* YYTextRubyAnnotation.m in Sources */ = {isa = PBXBuildFile; fileRef = DC2A8DF71E6004B0007DE893 /* YYTextRubyAnnotation.m */; };
		DC2A8DFE1E6004B0007DE893 /* YYTextRunDelegate.m in Sources */ = {isa = PBXBuildFile; fileRef = DC2A8DF91E6004B0007DE893 /* YYTextRunDelegate.m */; };
		DC2A8E0F1E6004BB007DE893 /* NSAttributedString+YYText.m in Sources */ = {isa = PBXBuildFile; fileRef = DC2A8E001E6004BB007DE893 /* NSAttributedString+YYText.m */; };
		DC2A8E101E6004BB007DE893 /* NSParagraphStyle+YYText.m in Sources */ = {isa = PBXBuildFile; fileRef = DC2A8E021E6004BB007DE893 /* NSParagraphStyle+YYText.m */; };
		DC2A8E111E6004BB007DE893 /* UIPasteboard+YYText.m in Sources */ = {isa = PBXBuildFile; fileRef = DC2A8E041E6004BB007DE893 /* UIPasteboard+YYText.m */; };
		DC2A8E121E6004BB007DE893 /* UIView+YYText.m in Sources */ = {isa = PBXBuildFile; fileRef = DC2A8E061E6004BB007DE893 /* UIView+YYText.m */; };
		DC2A8E131E6004BB007DE893 /* YYTextAsyncLayer.m in Sources */ = {isa = PBXBuildFile; fileRef = DC2A8E081E6004BB007DE893 /* YYTextAsyncLayer.m */; };
		DC2A8E141E6004BB007DE893 /* YYTextTransaction.m in Sources */ = {isa = PBXBuildFile; fileRef = DC2A8E0A1E6004BB007DE893 /* YYTextTransaction.m */; };
		DC2A8E151E6004BB007DE893 /* YYTextUtilities.m in Sources */ = {isa = PBXBuildFile; fileRef = DC2A8E0C1E6004BB007DE893 /* YYTextUtilities.m */; };
		DC2A8E161E6004BB007DE893 /* YYTextWeakProxy.m in Sources */ = {isa = PBXBuildFile; fileRef = DC2A8E0E1E6004BB007DE893 /* YYTextWeakProxy.m */; };
		DC442B071E496CA40006C4E4 /* AppDelegate.swift in Sources */ = {isa = PBXBuildFile; fileRef = DC442B061E496CA40006C4E4 /* AppDelegate.swift */; };
		DC442B091E496CA40006C4E4 /* ViewController.swift in Sources */ = {isa = PBXBuildFile; fileRef = DC442B081E496CA40006C4E4 /* ViewController.swift */; };
		DC442B0C1E496CA40006C4E4 /* Main.storyboard in Resources */ = {isa = PBXBuildFile; fileRef = DC442B0A1E496CA40006C4E4 /* Main.storyboard */; };
		DC442B0E1E496CA40006C4E4 /* Assets.xcassets in Resources */ = {isa = PBXBuildFile; fileRef = DC442B0D1E496CA40006C4E4 /* Assets.xcassets */; };
		DC442B111E496CA40006C4E4 /* LaunchScreen.storyboard in Resources */ = {isa = PBXBuildFile; fileRef = DC442B0F1E496CA40006C4E4 /* LaunchScreen.storyboard */; };
		DC442B1C1E496CA40006C4E4 /* SoundDemoTests.swift in Sources */ = {isa = PBXBuildFile; fileRef = DC442B1B1E496CA40006C4E4 /* SoundDemoTests.swift */; };
		DC442B271E496CA40006C4E4 /* SoundDemoUITests.swift in Sources */ = {isa = PBXBuildFile; fileRef = DC442B261E496CA40006C4E4 /* SoundDemoUITests.swift */; };
		DC442B351E49920C0006C4E4 /* TextTableViewCell.swift in Sources */ = {isa = PBXBuildFile; fileRef = DC442B341E49920C0006C4E4 /* TextTableViewCell.swift */; };
		DC442B371E49A07A0006C4E4 /* SpeechViewController.swift in Sources */ = {isa = PBXBuildFile; fileRef = DC442B361E49A07A0006C4E4 /* SpeechViewController.swift */; };
		DCED88751E5BEDC200DBAD36 /* SWRevealViewController.m in Sources */ = {isa = PBXBuildFile; fileRef = DCED88741E5BEDC200DBAD36 /* SWRevealViewController.m */; };
		DCED88771E5BEFEF00DBAD36 /* MenuViewController.swift in Sources */ = {isa = PBXBuildFile; fileRef = DCED88761E5BEFEF00DBAD36 /* MenuViewController.swift */; };
		DCED88791E5C122500DBAD36 /* reveal-icon@2x.png in Resources */ = {isa = PBXBuildFile; fileRef = DCED88781E5C122500DBAD36 /* reveal-icon@2x.png */; };
		DCED887B1E5C259E00DBAD36 /* Card.swift in Sources */ = {isa = PBXBuildFile; fileRef = DCED887A1E5C259E00DBAD36 /* Card.swift */; };
		DCED887D1E5C2E1000DBAD36 /* Deck.swift in Sources */ = {isa = PBXBuildFile; fileRef = DCED887C1E5C2E1000DBAD36 /* Deck.swift */; };
		DCED88801E5C303A00DBAD36 /* Theme.swift in Sources */ = {isa = PBXBuildFile; fileRef = DCED887F1E5C303A00DBAD36 /* Theme.swift */; };
		DCED88821E5D1CBB00DBAD36 /* DeckViewController.swift in Sources */ = {isa = PBXBuildFile; fileRef = DCED88811E5D1CBB00DBAD36 /* DeckViewController.swift */; };
		DCED88851E5D224900DBAD36 /* Utils.swift in Sources */ = {isa = PBXBuildFile; fileRef = DCED88841E5D224900DBAD36 /* Utils.swift */; };
		DCED888C1E5D244800DBAD36 /* DeckTableViewCell.swift in Sources */ = {isa = PBXBuildFile; fileRef = DCED888B1E5D244800DBAD36 /* DeckTableViewCell.swift */; };
/* End PBXBuildFile section */

/* Begin PBXContainerItemProxy section */
		DC2A8DA41E5EE8DC007DE893 /* PBXContainerItemProxy */ = {
			isa = PBXContainerItemProxy;
			containerPortal = DC2A8DA01E5EE8DC007DE893 /* mecab.xcodeproj */;
			proxyType = 2;
			remoteGlobalIDString = D2AAC07E0554694100DB518D;
			remoteInfo = mecab;
		};
		DC442B181E496CA40006C4E4 /* PBXContainerItemProxy */ = {
			isa = PBXContainerItemProxy;
			containerPortal = DC442AFB1E496CA40006C4E4 /* Project object */;
			proxyType = 1;
			remoteGlobalIDString = DC442B021E496CA40006C4E4;
			remoteInfo = SoundDemo;
		};
		DC442B231E496CA40006C4E4 /* PBXContainerItemProxy */ = {
			isa = PBXContainerItemProxy;
			containerPortal = DC442AFB1E496CA40006C4E4 /* Project object */;
			proxyType = 1;
			remoteGlobalIDString = DC442B021E496CA40006C4E4;
			remoteInfo = SoundDemo;
		};
/* End PBXContainerItemProxy section */

/* Begin PBXFileReference section */
		DC065DF51E5D2ACE00C96661 /* StringExtension.swift */ = {isa = PBXFileReference; fileEncoding = 4; lastKnownFileType = sourcecode.swift; path = StringExtension.swift; sourceTree = "<group>"; };
		DC18D9A31E519FF6002596E9 /* CardViewController.swift */ = {isa = PBXFileReference; fileEncoding = 4; lastKnownFileType = sourcecode.swift; path = CardViewController.swift; sourceTree = "<group>"; };
		DC2529421E52E64F006F2DEC /* SoundDemo-Bridging-Header.h */ = {isa = PBXFileReference; lastKnownFileType = sourcecode.c.h; path = "SoundDemo-Bridging-Header.h"; sourceTree = "<group>"; };
		DC2529431E52E650006F2DEC /* NSString+Japanese.h */ = {isa = PBXFileReference; fileEncoding = 4; lastKnownFileType = sourcecode.c.h; path = "NSString+Japanese.h"; sourceTree = "<group>"; };
		DC2529441E52E650006F2DEC /* NSString+Japanese.m */ = {isa = PBXFileReference; fileEncoding = 4; lastKnownFileType = sourcecode.c.objc; path = "NSString+Japanese.m"; sourceTree = "<group>"; };
		DC2A8DA01E5EE8DC007DE893 /* mecab.xcodeproj */ = {isa = PBXFileReference; lastKnownFileType = "wrapper.pb-project"; name = mecab.xcodeproj; path = mecab/mecab.xcodeproj; sourceTree = "<group>"; };
		DC2A8DA71E5EE901007DE893 /* char.bin */ = {isa = PBXFileReference; lastKnownFileType = archive.macbinary; name = char.bin; path = ipadic/char.bin; sourceTree = "<group>"; };
		DC2A8DA81E5EE901007DE893 /* dicrc */ = {isa = PBXFileReference; fileEncoding = 4; lastKnownFileType = text; name = dicrc; path = ipadic/dicrc; sourceTree = "<group>"; };
		DC2A8DA91E5EE901007DE893 /* left-id.def */ = {isa = PBXFileReference; fileEncoding = 4; lastKnownFileType = text; name = "left-id.def"; path = "ipadic/left-id.def"; sourceTree = "<group>"; };
		DC2A8DAA1E5EE901007DE893 /* matrix.bin */ = {isa = PBXFileReference; lastKnownFileType = archive.macbinary; name = matrix.bin; path = ipadic/matrix.bin; sourceTree = "<group>"; };
		DC2A8DAB1E5EE901007DE893 /* pos-id.def */ = {isa = PBXFileReference; fileEncoding = 4; lastKnownFileType = text; name = "pos-id.def"; path = "ipadic/pos-id.def"; sourceTree = "<group>"; };
		DC2A8DAC1E5EE901007DE893 /* rewrite.def */ = {isa = PBXFileReference; fileEncoding = 4; lastKnownFileType = text; name = rewrite.def; path = ipadic/rewrite.def; sourceTree = "<group>"; };
		DC2A8DAD1E5EE901007DE893 /* right-id.def */ = {isa = PBXFileReference; fileEncoding = 4; lastKnownFileType = text; name = "right-id.def"; path = "ipadic/right-id.def"; sourceTree = "<group>"; };
		DC2A8DAE1E5EE901007DE893 /* sys.dic */ = {isa = PBXFileReference; lastKnownFileType = file; name = sys.dic; path = ipadic/sys.dic; sourceTree = "<group>"; };
		DC2A8DAF1E5EE901007DE893 /* unk.dic */ = {isa = PBXFileReference; lastKnownFileType = file; name = unk.dic; path = ipadic/unk.dic; sourceTree = "<group>"; };
		DC2A8DBA1E5EE919007DE893 /* mecabrc */ = {isa = PBXFileReference; fileEncoding = 4; lastKnownFileType = text; name = mecabrc; path = libobjc/mecabrc; sourceTree = "<group>"; };
		DC2A8DBB1E5EE919007DE893 /* MeCabUtil.h */ = {isa = PBXFileReference; fileEncoding = 4; lastKnownFileType = sourcecode.c.h; name = MeCabUtil.h; path = libobjc/MeCabUtil.h; sourceTree = "<group>"; };
		DC2A8DBC1E5EE919007DE893 /* MeCabUtil.m */ = {isa = PBXFileReference; fileEncoding = 4; lastKnownFileType = sourcecode.c.objc; name = MeCabUtil.m; path = libobjc/MeCabUtil.m; sourceTree = "<group>"; };
		DC2A8DBD1E5EE919007DE893 /* Node.h */ = {isa = PBXFileReference; fileEncoding = 4; lastKnownFileType = sourcecode.c.h; name = Node.h; path = libobjc/Node.h; sourceTree = "<group>"; };
		DC2A8DBE1E5EE919007DE893 /* Node.m */ = {isa = PBXFileReference; fileEncoding = 4; lastKnownFileType = sourcecode.c.objc; name = Node.m; path = libobjc/Node.m; sourceTree = "<group>"; };
		DC2A8DC51E5EE983007DE893 /* libiconv.tbd */ = {isa = PBXFileReference; lastKnownFileType = "sourcecode.text-based-dylib-definition"; name = libiconv.tbd; path = usr/lib/libiconv.tbd; sourceTree = SDKROOT; };
		DC2A8DC71E5EE99C007DE893 /* libstdc++.tbd */ = {isa = PBXFileReference; lastKnownFileType = "sourcecode.text-based-dylib-definition"; name = "libstdc++.tbd"; path = "usr/lib/libstdc++.tbd"; sourceTree = SDKROOT; };
		DC2A8DCB1E60046B007DE893 /* YYLabel.h */ = {isa = PBXFileReference; fileEncoding = 4; lastKnownFileType = sourcecode.c.h; name = YYLabel.h; path = YYText/YYLabel.h; sourceTree = "<group>"; };
		DC2A8DCC1E60046B007DE893 /* YYLabel.m */ = {isa = PBXFileReference; fileEncoding = 4; lastKnownFileType = sourcecode.c.objc; name = YYLabel.m; path = YYText/YYLabel.m; sourceTree = "<group>"; };
		DC2A8DCD1E60046B007DE893 /* YYText.h */ = {isa = PBXFileReference; fileEncoding = 4; lastKnownFileType = sourcecode.c.h; name = YYText.h; path = YYText/YYText.h; sourceTree = "<group>"; };
		DC2A8DCE1E60046B007DE893 /* YYTextView.h */ = {isa = PBXFileReference; fileEncoding = 4; lastKnownFileType = sourcecode.c.h; name = YYTextView.h; path = YYText/YYTextView.h; sourceTree = "<group>"; };
		DC2A8DCF1E60046B007DE893 /* YYTextView.m */ = {isa = PBXFileReference; fileEncoding = 4; lastKnownFileType = sourcecode.c.objc; name = YYTextView.m; path = YYText/YYTextView.m; sourceTree = "<group>"; };
		DC2A8DD51E6004A7007DE893 /* YYTextContainerView.h */ = {isa = PBXFileReference; fileEncoding = 4; lastKnownFileType = sourcecode.c.h; name = YYTextContainerView.h; path = YYText/Component/YYTextContainerView.h; sourceTree = "<group>"; };
		DC2A8DD61E6004A7007DE893 /* YYTextContainerView.m */ = {isa = PBXFileReference; fileEncoding = 4; lastKnownFileType = sourcecode.c.objc; name = YYTextContainerView.m; path = YYText/Component/YYTextContainerView.m; sourceTree = "<group>"; };
		DC2A8DD71E6004A7007DE893 /* YYTextDebugOption.h */ = {isa = PBXFileReference; fileEncoding = 4; lastKnownFileType = sourcecode.c.h; name = YYTextDebugOption.h; path = YYText/Component/YYTextDebugOption.h; sourceTree = "<group>"; };
		DC2A8DD81E6004A7007DE893 /* YYTextDebugOption.m */ = {isa = PBXFileReference; fileEncoding = 4; lastKnownFileType = sourcecode.c.objc; name = YYTextDebugOption.m; path = YYText/Component/YYTextDebugOption.m; sourceTree = "<group>"; };
		DC2A8DD91E6004A7007DE893 /* YYTextEffectWindow.h */ = {isa = PBXFileReference; fileEncoding = 4; lastKnownFileType = sourcecode.c.h; name = YYTextEffectWindow.h; path = YYText/Component/YYTextEffectWindow.h; sourceTree = "<group>"; };
		DC2A8DDA1E6004A7007DE893 /* YYTextEffectWindow.m */ = {isa = PBXFileReference; fileEncoding = 4; lastKnownFileType = sourcecode.c.objc; name = YYTextEffectWindow.m; path = YYText/Component/YYTextEffectWindow.m; sourceTree = "<group>"; };
		DC2A8DDB1E6004A7007DE893 /* YYTextInput.h */ = {isa = PBXFileReference; fileEncoding = 4; lastKnownFileType = sourcecode.c.h; name = YYTextInput.h; path = YYText/Component/YYTextInput.h; sourceTree = "<group>"; };
		DC2A8DDC1E6004A7007DE893 /* YYTextInput.m */ = {isa = PBXFileReference; fileEncoding = 4; lastKnownFileType = sourcecode.c.objc; name = YYTextInput.m; path = YYText/Component/YYTextInput.m; sourceTree = "<group>"; };
		DC2A8DDD1E6004A7007DE893 /* YYTextKeyboardManager.h */ = {isa = PBXFileReference; fileEncoding = 4; lastKnownFileType = sourcecode.c.h; name = YYTextKeyboardManager.h; path = YYText/Component/YYTextKeyboardManager.h; sourceTree = "<group>"; };
		DC2A8DDE1E6004A7007DE893 /* YYTextKeyboardManager.m */ = {isa = PBXFileReference; fileEncoding = 4; lastKnownFileType = sourcecode.c.objc; name = YYTextKeyboardManager.m; path = YYText/Component/YYTextKeyboardManager.m; sourceTree = "<group>"; };
		DC2A8DDF1E6004A7007DE893 /* YYTextLayout.h */ = {isa = PBXFileReference; fileEncoding = 4; lastKnownFileType = sourcecode.c.h; name = YYTextLayout.h; path = YYText/Component/YYTextLayout.h; sourceTree = "<group>"; };
		DC2A8DE01E6004A7007DE893 /* YYTextLayout.m */ = {isa = PBXFileReference; fileEncoding = 4; lastKnownFileType = sourcecode.c.objc; name = YYTextLayout.m; path = YYText/Component/YYTextLayout.m; sourceTree = "<group>"; };
		DC2A8DE11E6004A7007DE893 /* YYTextLine.h */ = {isa = PBXFileReference; fileEncoding = 4; lastKnownFileType = sourcecode.c.h; name = YYTextLine.h; path = YYText/Component/YYTextLine.h; sourceTree = "<group>"; };
		DC2A8DE21E6004A7007DE893 /* YYTextLine.m */ = {isa = PBXFileReference; fileEncoding = 4; lastKnownFileType = sourcecode.c.objc; name = YYTextLine.m; path = YYText/Component/YYTextLine.m; sourceTree = "<group>"; };
		DC2A8DE31E6004A7007DE893 /* YYTextMagnifier.h */ = {isa = PBXFileReference; fileEncoding = 4; lastKnownFileType = sourcecode.c.h; name = YYTextMagnifier.h; path = YYText/Component/YYTextMagnifier.h; sourceTree = "<group>"; };
		DC2A8DE41E6004A7007DE893 /* YYTextMagnifier.m */ = {isa = PBXFileReference; fileEncoding = 4; lastKnownFileType = sourcecode.c.objc; name = YYTextMagnifier.m; path = YYText/Component/YYTextMagnifier.m; sourceTree = "<group>"; };
		DC2A8DE51E6004A7007DE893 /* YYTextSelectionView.h */ = {isa = PBXFileReference; fileEncoding = 4; lastKnownFileType = sourcecode.c.h; name = YYTextSelectionView.h; path = YYText/Component/YYTextSelectionView.h; sourceTree = "<group>"; };
		DC2A8DE61E6004A7007DE893 /* YYTextSelectionView.m */ = {isa = PBXFileReference; fileEncoding = 4; lastKnownFileType = sourcecode.c.objc; name = YYTextSelectionView.m; path = YYText/Component/YYTextSelectionView.m; sourceTree = "<group>"; };
		DC2A8DF01E6004B0007DE893 /* YYTextArchiver.h */ = {isa = PBXFileReference; fileEncoding = 4; lastKnownFileType = sourcecode.c.h; name = YYTextArchiver.h; path = YYText/String/YYTextArchiver.h; sourceTree = "<group>"; };
		DC2A8DF11E6004B0007DE893 /* YYTextArchiver.m */ = {isa = PBXFileReference; fileEncoding = 4; lastKnownFileType = sourcecode.c.objc; name = YYTextArchiver.m; path = YYText/String/YYTextArchiver.m; sourceTree = "<group>"; };
		DC2A8DF21E6004B0007DE893 /* YYTextAttribute.h */ = {isa = PBXFileReference; fileEncoding = 4; lastKnownFileType = sourcecode.c.h; name = YYTextAttribute.h; path = YYText/String/YYTextAttribute.h; sourceTree = "<group>"; };
		DC2A8DF31E6004B0007DE893 /* YYTextAttribute.m */ = {isa = PBXFileReference; fileEncoding = 4; lastKnownFileType = sourcecode.c.objc; name = YYTextAttribute.m; path = YYText/String/YYTextAttribute.m; sourceTree = "<group>"; };
		DC2A8DF41E6004B0007DE893 /* YYTextParser.h */ = {isa = PBXFileReference; fileEncoding = 4; lastKnownFileType = sourcecode.c.h; name = YYTextParser.h; path = YYText/String/YYTextParser.h; sourceTree = "<group>"; };
		DC2A8DF51E6004B0007DE893 /* YYTextParser.m */ = {isa = PBXFileReference; fileEncoding = 4; lastKnownFileType = sourcecode.c.objc; name = YYTextParser.m; path = YYText/String/YYTextParser.m; sourceTree = "<group>"; };
		DC2A8DF61E6004B0007DE893 /* YYTextRubyAnnotation.h */ = {isa = PBXFileReference; fileEncoding = 4; lastKnownFileType = sourcecode.c.h; name = YYTextRubyAnnotation.h; path = YYText/String/YYTextRubyAnnotation.h; sourceTree = "<group>"; };
		DC2A8DF71E6004B0007DE893 /* YYTextRubyAnnotation.m */ = {isa = PBXFileReference; fileEncoding = 4; lastKnownFileType = sourcecode.c.objc; name = YYTextRubyAnnotation.m; path = YYText/String/YYTextRubyAnnotation.m; sourceTree = "<group>"; };
		DC2A8DF81E6004B0007DE893 /* YYTextRunDelegate.h */ = {isa = PBXFileReference; fileEncoding = 4; lastKnownFileType = sourcecode.c.h; name = YYTextRunDelegate.h; path = YYText/String/YYTextRunDelegate.h; sourceTree = "<group>"; };
		DC2A8DF91E6004B0007DE893 /* YYTextRunDelegate.m */ = {isa = PBXFileReference; fileEncoding = 4; lastKnownFileType = sourcecode.c.objc; name = YYTextRunDelegate.m; path = YYText/String/YYTextRunDelegate.m; sourceTree = "<group>"; };
		DC2A8DFF1E6004BB007DE893 /* NSAttributedString+YYText.h */ = {isa = PBXFileReference; fileEncoding = 4; lastKnownFileType = sourcecode.c.h; name = "NSAttributedString+YYText.h"; path = "YYText/Utility/NSAttributedString+YYText.h"; sourceTree = "<group>"; };
		DC2A8E001E6004BB007DE893 /* NSAttributedString+YYText.m */ = {isa = PBXFileReference; fileEncoding = 4; lastKnownFileType = sourcecode.c.objc; name = "NSAttributedString+YYText.m"; path = "YYText/Utility/NSAttributedString+YYText.m"; sourceTree = "<group>"; };
		DC2A8E011E6004BB007DE893 /* NSParagraphStyle+YYText.h */ = {isa = PBXFileReference; fileEncoding = 4; lastKnownFileType = sourcecode.c.h; name = "NSParagraphStyle+YYText.h"; path = "YYText/Utility/NSParagraphStyle+YYText.h"; sourceTree = "<group>"; };
		DC2A8E021E6004BB007DE893 /* NSParagraphStyle+YYText.m */ = {isa = PBXFileReference; fileEncoding = 4; lastKnownFileType = sourcecode.c.objc; name = "NSParagraphStyle+YYText.m"; path = "YYText/Utility/NSParagraphStyle+YYText.m"; sourceTree = "<group>"; };
		DC2A8E031E6004BB007DE893 /* UIPasteboard+YYText.h */ = {isa = PBXFileReference; fileEncoding = 4; lastKnownFileType = sourcecode.c.h; name = "UIPasteboard+YYText.h"; path = "YYText/Utility/UIPasteboard+YYText.h"; sourceTree = "<group>"; };
		DC2A8E041E6004BB007DE893 /* UIPasteboard+YYText.m */ = {isa = PBXFileReference; fileEncoding = 4; lastKnownFileType = sourcecode.c.objc; name = "UIPasteboard+YYText.m"; path = "YYText/Utility/UIPasteboard+YYText.m"; sourceTree = "<group>"; };
		DC2A8E051E6004BB007DE893 /* UIView+YYText.h */ = {isa = PBXFileReference; fileEncoding = 4; lastKnownFileType = sourcecode.c.h; name = "UIView+YYText.h"; path = "YYText/Utility/UIView+YYText.h"; sourceTree = "<group>"; };
		DC2A8E061E6004BB007DE893 /* UIView+YYText.m */ = {isa = PBXFileReference; fileEncoding = 4; lastKnownFileType = sourcecode.c.objc; name = "UIView+YYText.m"; path = "YYText/Utility/UIView+YYText.m"; sourceTree = "<group>"; };
		DC2A8E071E6004BB007DE893 /* YYTextAsyncLayer.h */ = {isa = PBXFileReference; fileEncoding = 4; lastKnownFileType = sourcecode.c.h; name = YYTextAsyncLayer.h; path = YYText/Utility/YYTextAsyncLayer.h; sourceTree = "<group>"; };
		DC2A8E081E6004BB007DE893 /* YYTextAsyncLayer.m */ = {isa = PBXFileReference; fileEncoding = 4; lastKnownFileType = sourcecode.c.objc; name = YYTextAsyncLayer.m; path = YYText/Utility/YYTextAsyncLayer.m; sourceTree = "<group>"; };
		DC2A8E091E6004BB007DE893 /* YYTextTransaction.h */ = {isa = PBXFileReference; fileEncoding = 4; lastKnownFileType = sourcecode.c.h; name = YYTextTransaction.h; path = YYText/Utility/YYTextTransaction.h; sourceTree = "<group>"; };
		DC2A8E0A1E6004BB007DE893 /* YYTextTransaction.m */ = {isa = PBXFileReference; fileEncoding = 4; lastKnownFileType = sourcecode.c.objc; name = YYTextTransaction.m; path = YYText/Utility/YYTextTransaction.m; sourceTree = "<group>"; };
		DC2A8E0B1E6004BB007DE893 /* YYTextUtilities.h */ = {isa = PBXFileReference; fileEncoding = 4; lastKnownFileType = sourcecode.c.h; name = YYTextUtilities.h; path = YYText/Utility/YYTextUtilities.h; sourceTree = "<group>"; };
		DC2A8E0C1E6004BB007DE893 /* YYTextUtilities.m */ = {isa = PBXFileReference; fileEncoding = 4; lastKnownFileType = sourcecode.c.objc; name = YYTextUtilities.m; path = YYText/Utility/YYTextUtilities.m; sourceTree = "<group>"; };
		DC2A8E0D1E6004BB007DE893 /* YYTextWeakProxy.h */ = {isa = PBXFileReference; fileEncoding = 4; lastKnownFileType = sourcecode.c.h; name = YYTextWeakProxy.h; path = YYText/Utility/YYTextWeakProxy.h; sourceTree = "<group>"; };
		DC2A8E0E1E6004BB007DE893 /* YYTextWeakProxy.m */ = {isa = PBXFileReference; fileEncoding = 4; lastKnownFileType = sourcecode.c.objc; name = YYTextWeakProxy.m; path = YYText/Utility/YYTextWeakProxy.m; sourceTree = "<group>"; };
		DC442B031E496CA40006C4E4 /* SoundDemo.app */ = {isa = PBXFileReference; explicitFileType = wrapper.application; includeInIndex = 0; path = SoundDemo.app; sourceTree = BUILT_PRODUCTS_DIR; };
		DC442B061E496CA40006C4E4 /* AppDelegate.swift */ = {isa = PBXFileReference; lastKnownFileType = sourcecode.swift; path = AppDelegate.swift; sourceTree = "<group>"; };
		DC442B081E496CA40006C4E4 /* ViewController.swift */ = {isa = PBXFileReference; lastKnownFileType = sourcecode.swift; path = ViewController.swift; sourceTree = "<group>"; };
		DC442B0B1E496CA40006C4E4 /* Base */ = {isa = PBXFileReference; lastKnownFileType = file.storyboard; name = Base; path = Base.lproj/Main.storyboard; sourceTree = "<group>"; };
		DC442B0D1E496CA40006C4E4 /* Assets.xcassets */ = {isa = PBXFileReference; lastKnownFileType = folder.assetcatalog; path = Assets.xcassets; sourceTree = "<group>"; };
		DC442B101E496CA40006C4E4 /* Base */ = {isa = PBXFileReference; lastKnownFileType = file.storyboard; name = Base; path = Base.lproj/LaunchScreen.storyboard; sourceTree = "<group>"; };
		DC442B121E496CA40006C4E4 /* Info.plist */ = {isa = PBXFileReference; lastKnownFileType = text.plist.xml; path = Info.plist; sourceTree = "<group>"; };
		DC442B171E496CA40006C4E4 /* SoundDemoTests.xctest */ = {isa = PBXFileReference; explicitFileType = wrapper.cfbundle; includeInIndex = 0; path = SoundDemoTests.xctest; sourceTree = BUILT_PRODUCTS_DIR; };
		DC442B1B1E496CA40006C4E4 /* SoundDemoTests.swift */ = {isa = PBXFileReference; lastKnownFileType = sourcecode.swift; path = SoundDemoTests.swift; sourceTree = "<group>"; };
		DC442B1D1E496CA40006C4E4 /* Info.plist */ = {isa = PBXFileReference; lastKnownFileType = text.plist.xml; path = Info.plist; sourceTree = "<group>"; };
		DC442B221E496CA40006C4E4 /* SoundDemoUITests.xctest */ = {isa = PBXFileReference; explicitFileType = wrapper.cfbundle; includeInIndex = 0; path = SoundDemoUITests.xctest; sourceTree = BUILT_PRODUCTS_DIR; };
		DC442B261E496CA40006C4E4 /* SoundDemoUITests.swift */ = {isa = PBXFileReference; lastKnownFileType = sourcecode.swift; path = SoundDemoUITests.swift; sourceTree = "<group>"; };
		DC442B281E496CA40006C4E4 /* Info.plist */ = {isa = PBXFileReference; lastKnownFileType = text.plist.xml; path = Info.plist; sourceTree = "<group>"; };
		DC442B341E49920C0006C4E4 /* TextTableViewCell.swift */ = {isa = PBXFileReference; fileEncoding = 4; lastKnownFileType = sourcecode.swift; path = TextTableViewCell.swift; sourceTree = "<group>"; };
		DC442B361E49A07A0006C4E4 /* SpeechViewController.swift */ = {isa = PBXFileReference; fileEncoding = 4; lastKnownFileType = sourcecode.swift; path = SpeechViewController.swift; sourceTree = "<group>"; };
		DCED88731E5BEDC200DBAD36 /* SWRevealViewController.h */ = {isa = PBXFileReference; fileEncoding = 4; lastKnownFileType = sourcecode.c.h; path = SWRevealViewController.h; sourceTree = "<group>"; };
		DCED88741E5BEDC200DBAD36 /* SWRevealViewController.m */ = {isa = PBXFileReference; fileEncoding = 4; lastKnownFileType = sourcecode.c.objc; path = SWRevealViewController.m; sourceTree = "<group>"; };
		DCED88761E5BEFEF00DBAD36 /* MenuViewController.swift */ = {isa = PBXFileReference; fileEncoding = 4; lastKnownFileType = sourcecode.swift; path = MenuViewController.swift; sourceTree = "<group>"; };
		DCED88781E5C122500DBAD36 /* reveal-icon@2x.png */ = {isa = PBXFileReference; lastKnownFileType = image.png; path = "reveal-icon@2x.png"; sourceTree = "<group>"; };
		DCED887A1E5C259E00DBAD36 /* Card.swift */ = {isa = PBXFileReference; fileEncoding = 4; lastKnownFileType = sourcecode.swift; path = Card.swift; sourceTree = "<group>"; };
		DCED887C1E5C2E1000DBAD36 /* Deck.swift */ = {isa = PBXFileReference; fileEncoding = 4; lastKnownFileType = sourcecode.swift; path = Deck.swift; sourceTree = "<group>"; };
		DCED887F1E5C303A00DBAD36 /* Theme.swift */ = {isa = PBXFileReference; fileEncoding = 4; lastKnownFileType = sourcecode.swift; path = Theme.swift; sourceTree = "<group>"; };
		DCED88811E5D1CBB00DBAD36 /* DeckViewController.swift */ = {isa = PBXFileReference; fileEncoding = 4; lastKnownFileType = sourcecode.swift; path = DeckViewController.swift; sourceTree = "<group>"; };
		DCED88841E5D224900DBAD36 /* Utils.swift */ = {isa = PBXFileReference; fileEncoding = 4; lastKnownFileType = sourcecode.swift; path = Utils.swift; sourceTree = "<group>"; };
		DCED888B1E5D244800DBAD36 /* DeckTableViewCell.swift */ = {isa = PBXFileReference; fileEncoding = 4; lastKnownFileType = sourcecode.swift; path = DeckTableViewCell.swift; sourceTree = "<group>"; };
/* End PBXFileReference section */

/* Begin PBXFrameworksBuildPhase section */
		DC442B001E496CA40006C4E4 /* Frameworks */ = {
			isa = PBXFrameworksBuildPhase;
			buildActionMask = 2147483647;
			files = (
				DC2A8DC81E5EE99C007DE893 /* libstdc++.tbd in Frameworks */,
				DC2A8DC61E5EE983007DE893 /* libiconv.tbd in Frameworks */,
				DC2A8DC31E5EE970007DE893 /* libmecab.a in Frameworks */,
			);
			runOnlyForDeploymentPostprocessing = 0;
		};
		DC442B141E496CA40006C4E4 /* Frameworks */ = {
			isa = PBXFrameworksBuildPhase;
			buildActionMask = 2147483647;
			files = (
			);
			runOnlyForDeploymentPostprocessing = 0;
		};
		DC442B1F1E496CA40006C4E4 /* Frameworks */ = {
			isa = PBXFrameworksBuildPhase;
			buildActionMask = 2147483647;
			files = (
			);
			runOnlyForDeploymentPostprocessing = 0;
		};
/* End PBXFrameworksBuildPhase section */

/* Begin PBXGroup section */
		DC2A8DA11E5EE8DC007DE893 /* Products */ = {
			isa = PBXGroup;
			children = (
				DC2A8DA51E5EE8DC007DE893 /* libmecab.a */,
			);
			name = Products;
			sourceTree = "<group>";
		};
		DC2A8DA61E5EE8F5007DE893 /* ipadic */ = {
			isa = PBXGroup;
			children = (
				DC2A8DA71E5EE901007DE893 /* char.bin */,
				DC2A8DA81E5EE901007DE893 /* dicrc */,
				DC2A8DA91E5EE901007DE893 /* left-id.def */,
				DC2A8DAA1E5EE901007DE893 /* matrix.bin */,
				DC2A8DAB1E5EE901007DE893 /* pos-id.def */,
				DC2A8DAC1E5EE901007DE893 /* rewrite.def */,
				DC2A8DAD1E5EE901007DE893 /* right-id.def */,
				DC2A8DAE1E5EE901007DE893 /* sys.dic */,
				DC2A8DAF1E5EE901007DE893 /* unk.dic */,
			);
			name = ipadic;
			sourceTree = "<group>";
		};
		DC2A8DB91E5EE90E007DE893 /* libobjc */ = {
			isa = PBXGroup;
			children = (
				DC2A8DBA1E5EE919007DE893 /* mecabrc */,
				DC2A8DBB1E5EE919007DE893 /* MeCabUtil.h */,
				DC2A8DBC1E5EE919007DE893 /* MeCabUtil.m */,
				DC2A8DBD1E5EE919007DE893 /* Node.h */,
				DC2A8DBE1E5EE919007DE893 /* Node.m */,
			);
			name = libobjc;
			sourceTree = "<group>";
		};
		DC2A8DC41E5EE982007DE893 /* Frameworks */ = {
			isa = PBXGroup;
			children = (
				DC2A8DC71E5EE99C007DE893 /* libstdc++.tbd */,
				DC2A8DC51E5EE983007DE893 /* libiconv.tbd */,
			);
			name = Frameworks;
			sourceTree = "<group>";
		};
		DC2A8DCA1E60045A007DE893 /* YYText */ = {
			isa = PBXGroup;
			children = (
				DC2A8DD41E600490007DE893 /* Utility */,
				DC2A8DD31E600483007DE893 /* String */,
				DC2A8DD21E600477007DE893 /* Component */,
				DC2A8DCB1E60046B007DE893 /* YYLabel.h */,
				DC2A8DCC1E60046B007DE893 /* YYLabel.m */,
				DC2A8DCD1E60046B007DE893 /* YYText.h */,
				DC2A8DCE1E60046B007DE893 /* YYTextView.h */,
				DC2A8DCF1E60046B007DE893 /* YYTextView.m */,
			);
			name = YYText;
			sourceTree = "<group>";
		};
		DC2A8DD21E600477007DE893 /* Component */ = {
			isa = PBXGroup;
			children = (
				DC2A8DD51E6004A7007DE893 /* YYTextContainerView.h */,
				DC2A8DD61E6004A7007DE893 /* YYTextContainerView.m */,
				DC2A8DD71E6004A7007DE893 /* YYTextDebugOption.h */,
				DC2A8DD81E6004A7007DE893 /* YYTextDebugOption.m */,
				DC2A8DD91E6004A7007DE893 /* YYTextEffectWindow.h */,
				DC2A8DDA1E6004A7007DE893 /* YYTextEffectWindow.m */,
				DC2A8DDB1E6004A7007DE893 /* YYTextInput.h */,
				DC2A8DDC1E6004A7007DE893 /* YYTextInput.m */,
				DC2A8DDD1E6004A7007DE893 /* YYTextKeyboardManager.h */,
				DC2A8DDE1E6004A7007DE893 /* YYTextKeyboardManager.m */,
				DC2A8DDF1E6004A7007DE893 /* YYTextLayout.h */,
				DC2A8DE01E6004A7007DE893 /* YYTextLayout.m */,
				DC2A8DE11E6004A7007DE893 /* YYTextLine.h */,
				DC2A8DE21E6004A7007DE893 /* YYTextLine.m */,
				DC2A8DE31E6004A7007DE893 /* YYTextMagnifier.h */,
				DC2A8DE41E6004A7007DE893 /* YYTextMagnifier.m */,
				DC2A8DE51E6004A7007DE893 /* YYTextSelectionView.h */,
				DC2A8DE61E6004A7007DE893 /* YYTextSelectionView.m */,
			);
			name = Component;
			sourceTree = "<group>";
		};
		DC2A8DD31E600483007DE893 /* String */ = {
			isa = PBXGroup;
			children = (
				DC2A8DF01E6004B0007DE893 /* YYTextArchiver.h */,
				DC2A8DF11E6004B0007DE893 /* YYTextArchiver.m */,
				DC2A8DF21E6004B0007DE893 /* YYTextAttribute.h */,
				DC2A8DF31E6004B0007DE893 /* YYTextAttribute.m */,
				DC2A8DF41E6004B0007DE893 /* YYTextParser.h */,
				DC2A8DF51E6004B0007DE893 /* YYTextParser.m */,
				DC2A8DF61E6004B0007DE893 /* YYTextRubyAnnotation.h */,
				DC2A8DF71E6004B0007DE893 /* YYTextRubyAnnotation.m */,
				DC2A8DF81E6004B0007DE893 /* YYTextRunDelegate.h */,
				DC2A8DF91E6004B0007DE893 /* YYTextRunDelegate.m */,
			);
			name = String;
			sourceTree = "<group>";
		};
		DC2A8DD41E600490007DE893 /* Utility */ = {
			isa = PBXGroup;
			children = (
				DC2A8DFF1E6004BB007DE893 /* NSAttributedString+YYText.h */,
				DC2A8E001E6004BB007DE893 /* NSAttributedString+YYText.m */,
				DC2A8E011E6004BB007DE893 /* NSParagraphStyle+YYText.h */,
				DC2A8E021E6004BB007DE893 /* NSParagraphStyle+YYText.m */,
				DC2A8E031E6004BB007DE893 /* UIPasteboard+YYText.h */,
				DC2A8E041E6004BB007DE893 /* UIPasteboard+YYText.m */,
				DC2A8E051E6004BB007DE893 /* UIView+YYText.h */,
				DC2A8E061E6004BB007DE893 /* UIView+YYText.m */,
				DC2A8E071E6004BB007DE893 /* YYTextAsyncLayer.h */,
				DC2A8E081E6004BB007DE893 /* YYTextAsyncLayer.m */,
				DC2A8E091E6004BB007DE893 /* YYTextTransaction.h */,
				DC2A8E0A1E6004BB007DE893 /* YYTextTransaction.m */,
				DC2A8E0B1E6004BB007DE893 /* YYTextUtilities.h */,
				DC2A8E0C1E6004BB007DE893 /* YYTextUtilities.m */,
				DC2A8E0D1E6004BB007DE893 /* YYTextWeakProxy.h */,
				DC2A8E0E1E6004BB007DE893 /* YYTextWeakProxy.m */,
			);
			name = Utility;
			sourceTree = "<group>";
		};
		DC442AFA1E496CA40006C4E4 = {
			isa = PBXGroup;
			children = (
				DC2A8DA01E5EE8DC007DE893 /* mecab.xcodeproj */,
				DC442B051E496CA40006C4E4 /* SoundDemo */,
				DC442B1A1E496CA40006C4E4 /* SoundDemoTests */,
				DC442B251E496CA40006C4E4 /* SoundDemoUITests */,
				DC442B041E496CA40006C4E4 /* Products */,
				DC2A8DC41E5EE982007DE893 /* Frameworks */,
			);
			sourceTree = "<group>";
		};
		DC442B041E496CA40006C4E4 /* Products */ = {
			isa = PBXGroup;
			children = (
				DC442B031E496CA40006C4E4 /* SoundDemo.app */,
				DC442B171E496CA40006C4E4 /* SoundDemoTests.xctest */,
				DC442B221E496CA40006C4E4 /* SoundDemoUITests.xctest */,
			);
			name = Products;
			sourceTree = "<group>";
		};
		DC442B051E496CA40006C4E4 /* SoundDemo */ = {
			isa = PBXGroup;
			children = (
				DC2A8DCA1E60045A007DE893 /* YYText */,
				DC2A8DB91E5EE90E007DE893 /* libobjc */,
				DC2A8DA61E5EE8F5007DE893 /* ipadic */,
				DCED888A1E5D239500DBAD36 /* Image */,
				DCED88881E5D233800DBAD36 /* Vendor */,
				DCED88871E5D231D00DBAD36 /* Controller */,
				DCED88861E5D231000DBAD36 /* View */,
				DCED88831E5D222F00DBAD36 /* Utils */,
				DCED887E1E5C2FCE00DBAD36 /* Model */,
				DC442B061E496CA40006C4E4 /* AppDelegate.swift */,
				DC442B0A1E496CA40006C4E4 /* Main.storyboard */,
				DC442B0D1E496CA40006C4E4 /* Assets.xcassets */,
				DC442B0F1E496CA40006C4E4 /* LaunchScreen.storyboard */,
				DC442B121E496CA40006C4E4 /* Info.plist */,
				DC2529421E52E64F006F2DEC /* SoundDemo-Bridging-Header.h */,
			);
			path = SoundDemo;
			sourceTree = "<group>";
		};
		DC442B1A1E496CA40006C4E4 /* SoundDemoTests */ = {
			isa = PBXGroup;
			children = (
				DC442B1B1E496CA40006C4E4 /* SoundDemoTests.swift */,
				DC442B1D1E496CA40006C4E4 /* Info.plist */,
			);
			path = SoundDemoTests;
			sourceTree = "<group>";
		};
		DC442B251E496CA40006C4E4 /* SoundDemoUITests */ = {
			isa = PBXGroup;
			children = (
				DC442B261E496CA40006C4E4 /* SoundDemoUITests.swift */,
				DC442B281E496CA40006C4E4 /* Info.plist */,
			);
			path = SoundDemoUITests;
			sourceTree = "<group>";
		};
		DCED88721E5BEDB100DBAD36 /* SWRevealViewController */ = {
			isa = PBXGroup;
			children = (
				DCED88731E5BEDC200DBAD36 /* SWRevealViewController.h */,
				DCED88741E5BEDC200DBAD36 /* SWRevealViewController.m */,
			);
			name = SWRevealViewController;
			path = ..;
			sourceTree = "<group>";
		};
		DCED887E1E5C2FCE00DBAD36 /* Model */ = {
			isa = PBXGroup;
			children = (
				DCED887A1E5C259E00DBAD36 /* Card.swift */,
				DCED887C1E5C2E1000DBAD36 /* Deck.swift */,
				DCED887F1E5C303A00DBAD36 /* Theme.swift */,
			);
			name = Model;
			sourceTree = "<group>";
		};
		DCED88831E5D222F00DBAD36 /* Utils */ = {
			isa = PBXGroup;
			children = (
				DCED88841E5D224900DBAD36 /* Utils.swift */,
				DC065DF51E5D2ACE00C96661 /* StringExtension.swift */,
			);
			name = Utils;
			sourceTree = "<group>";
		};
		DCED88861E5D231000DBAD36 /* View */ = {
			isa = PBXGroup;
			children = (
				DC442B341E49920C0006C4E4 /* TextTableViewCell.swift */,
				DCED888B1E5D244800DBAD36 /* DeckTableViewCell.swift */,
			);
			name = View;
			sourceTree = "<group>";
		};
		DCED88871E5D231D00DBAD36 /* Controller */ = {
			isa = PBXGroup;
			children = (
				DC442B081E496CA40006C4E4 /* ViewController.swift */,
				DC442B361E49A07A0006C4E4 /* SpeechViewController.swift */,
				DC18D9A31E519FF6002596E9 /* CardViewController.swift */,
				DCED88761E5BEFEF00DBAD36 /* MenuViewController.swift */,
				DCED88811E5D1CBB00DBAD36 /* DeckViewController.swift */,
			);
			name = Controller;
			sourceTree = "<group>";
		};
		DCED88881E5D233800DBAD36 /* Vendor */ = {
			isa = PBXGroup;
			children = (
				DCED88721E5BEDB100DBAD36 /* SWRevealViewController */,
				DCED88891E5D235700DBAD36 /* NSString-Japanese */,
			);
			name = Vendor;
			sourceTree = "<group>";
		};
		DCED88891E5D235700DBAD36 /* NSString-Japanese */ = {
			isa = PBXGroup;
			children = (
				DC2529431E52E650006F2DEC /* NSString+Japanese.h */,
				DC2529441E52E650006F2DEC /* NSString+Japanese.m */,
			);
			name = "NSString-Japanese";
			sourceTree = "<group>";
		};
		DCED888A1E5D239500DBAD36 /* Image */ = {
			isa = PBXGroup;
			children = (
				DCED88781E5C122500DBAD36 /* reveal-icon@2x.png */,
			);
			name = Image;
			sourceTree = "<group>";
		};
/* End PBXGroup section */

/* Begin PBXNativeTarget section */
		DC442B021E496CA40006C4E4 /* SoundDemo */ = {
			isa = PBXNativeTarget;
			buildConfigurationList = DC442B2B1E496CA40006C4E4 /* Build configuration list for PBXNativeTarget "SoundDemo" */;
			buildPhases = (
				DC442AFF1E496CA40006C4E4 /* Sources */,
				DC442B001E496CA40006C4E4 /* Frameworks */,
				DC442B011E496CA40006C4E4 /* Resources */,
			);
			buildRules = (
			);
			dependencies = (
			);
			name = SoundDemo;
			productName = SoundDemo;
			productReference = DC442B031E496CA40006C4E4 /* SoundDemo.app */;
			productType = "com.apple.product-type.application";
		};
		DC442B161E496CA40006C4E4 /* SoundDemoTests */ = {
			isa = PBXNativeTarget;
			buildConfigurationList = DC442B2E1E496CA40006C4E4 /* Build configuration list for PBXNativeTarget "SoundDemoTests" */;
			buildPhases = (
				DC442B131E496CA40006C4E4 /* Sources */,
				DC442B141E496CA40006C4E4 /* Frameworks */,
				DC442B151E496CA40006C4E4 /* Resources */,
			);
			buildRules = (
			);
			dependencies = (
				DC442B191E496CA40006C4E4 /* PBXTargetDependency */,
			);
			name = SoundDemoTests;
			productName = SoundDemoTests;
			productReference = DC442B171E496CA40006C4E4 /* SoundDemoTests.xctest */;
			productType = "com.apple.product-type.bundle.unit-test";
		};
		DC442B211E496CA40006C4E4 /* SoundDemoUITests */ = {
			isa = PBXNativeTarget;
			buildConfigurationList = DC442B311E496CA40006C4E4 /* Build configuration list for PBXNativeTarget "SoundDemoUITests" */;
			buildPhases = (
				DC442B1E1E496CA40006C4E4 /* Sources */,
				DC442B1F1E496CA40006C4E4 /* Frameworks */,
				DC442B201E496CA40006C4E4 /* Resources */,
			);
			buildRules = (
			);
			dependencies = (
				DC442B241E496CA40006C4E4 /* PBXTargetDependency */,
			);
			name = SoundDemoUITests;
			productName = SoundDemoUITests;
			productReference = DC442B221E496CA40006C4E4 /* SoundDemoUITests.xctest */;
			productType = "com.apple.product-type.bundle.ui-testing";
		};
/* End PBXNativeTarget section */

/* Begin PBXProject section */
		DC442AFB1E496CA40006C4E4 /* Project object */ = {
			isa = PBXProject;
			attributes = {
				LastSwiftUpdateCheck = 0820;
				LastUpgradeCheck = 0820;
				ORGANIZATIONNAME = ngocdm;
				TargetAttributes = {
					DC442B021E496CA40006C4E4 = {
						CreatedOnToolsVersion = 8.2.1;
						DevelopmentTeam = NCSVQDLN7H;
						LastSwiftMigration = 0820;
						ProvisioningStyle = Automatic;
					};
					DC442B161E496CA40006C4E4 = {
						CreatedOnToolsVersion = 8.2.1;
						ProvisioningStyle = Automatic;
						TestTargetID = DC442B021E496CA40006C4E4;
					};
					DC442B211E496CA40006C4E4 = {
						CreatedOnToolsVersion = 8.2.1;
						ProvisioningStyle = Automatic;
						TestTargetID = DC442B021E496CA40006C4E4;
					};
				};
			};
			buildConfigurationList = DC442AFE1E496CA40006C4E4 /* Build configuration list for PBXProject "SoundDemo" */;
			compatibilityVersion = "Xcode 3.2";
			developmentRegion = English;
			hasScannedForEncodings = 0;
			knownRegions = (
				en,
				Base,
			);
			mainGroup = DC442AFA1E496CA40006C4E4;
			productRefGroup = DC442B041E496CA40006C4E4 /* Products */;
			projectDirPath = "";
			projectReferences = (
				{
					ProductGroup = DC2A8DA11E5EE8DC007DE893 /* Products */;
					ProjectRef = DC2A8DA01E5EE8DC007DE893 /* mecab.xcodeproj */;
				},
			);
			projectRoot = "";
			targets = (
				DC442B021E496CA40006C4E4 /* SoundDemo */,
				DC442B161E496CA40006C4E4 /* SoundDemoTests */,
				DC442B211E496CA40006C4E4 /* SoundDemoUITests */,
			);
		};
/* End PBXProject section */

/* Begin PBXReferenceProxy section */
		DC2A8DA51E5EE8DC007DE893 /* libmecab.a */ = {
			isa = PBXReferenceProxy;
			fileType = archive.ar;
			path = libmecab.a;
			remoteRef = DC2A8DA41E5EE8DC007DE893 /* PBXContainerItemProxy */;
			sourceTree = BUILT_PRODUCTS_DIR;
		};
/* End PBXReferenceProxy section */

/* Begin PBXResourcesBuildPhase section */
		DC442B011E496CA40006C4E4 /* Resources */ = {
			isa = PBXResourcesBuildPhase;
			buildActionMask = 2147483647;
			files = (
				DC2A8DB71E5EE901007DE893 /* sys.dic in Resources */,
				DC2A8DB11E5EE901007DE893 /* dicrc in Resources */,
				DC2A8DB81E5EE901007DE893 /* unk.dic in Resources */,
				DC2A8DB41E5EE901007DE893 /* pos-id.def in Resources */,
				DC2A8DBF1E5EE919007DE893 /* mecabrc in Resources */,
				DC2A8DB61E5EE901007DE893 /* right-id.def in Resources */,
				DCED88791E5C122500DBAD36 /* reveal-icon@2x.png in Resources */,
				DC442B111E496CA40006C4E4 /* LaunchScreen.storyboard in Resources */,
				DC2A8DB51E5EE901007DE893 /* rewrite.def in Resources */,
				DC442B0E1E496CA40006C4E4 /* Assets.xcassets in Resources */,
				DC2A8DB01E5EE901007DE893 /* char.bin in Resources */,
				DC2A8DB21E5EE901007DE893 /* left-id.def in Resources */,
				DC2A8DB31E5EE901007DE893 /* matrix.bin in Resources */,
				DC442B0C1E496CA40006C4E4 /* Main.storyboard in Resources */,
			);
			runOnlyForDeploymentPostprocessing = 0;
		};
		DC442B151E496CA40006C4E4 /* Resources */ = {
			isa = PBXResourcesBuildPhase;
			buildActionMask = 2147483647;
			files = (
			);
			runOnlyForDeploymentPostprocessing = 0;
		};
		DC442B201E496CA40006C4E4 /* Resources */ = {
			isa = PBXResourcesBuildPhase;
			buildActionMask = 2147483647;
			files = (
			);
			runOnlyForDeploymentPostprocessing = 0;
		};
/* End PBXResourcesBuildPhase section */

/* Begin PBXSourcesBuildPhase section */
		DC442AFF1E496CA40006C4E4 /* Sources */ = {
			isa = PBXSourcesBuildPhase;
			buildActionMask = 2147483647;
			files = (
				DCED88751E5BEDC200DBAD36 /* SWRevealViewController.m in Sources */,
				DC2A8DFE1E6004B0007DE893 /* YYTextRunDelegate.m in Sources */,
				DC2A8E101E6004BB007DE893 /* NSParagraphStyle+YYText.m in Sources */,
				DC2A8DEA1E6004A7007DE893 /* YYTextInput.m in Sources */,
				DC2A8DED1E6004A7007DE893 /* YYTextLine.m in Sources */,
				DC2A8E0F1E6004BB007DE893 /* NSAttributedString+YYText.m in Sources */,
				DCED887B1E5C259E00DBAD36 /* Card.swift in Sources */,
				DC065DF61E5D2ACE00C96661 /* StringExtension.swift in Sources */,
				DC2A8DFD1E6004B0007DE893 /* YYTextRubyAnnotation.m in Sources */,
				DC2A8DEC1E6004A7007DE893 /* YYTextLayout.m in Sources */,
				DC2A8DD11E60046B007DE893 /* YYTextView.m in Sources */,
				DCED887D1E5C2E1000DBAD36 /* Deck.swift in Sources */,
				DC2A8DEF1E6004A7007DE893 /* YYTextSelectionView.m in Sources */,
				DC2A8E111E6004BB007DE893 /* UIPasteboard+YYText.m in Sources */,
				DC18D9A41E519FF6002596E9 /* CardViewController.swift in Sources */,
				DC2A8E141E6004BB007DE893 /* YYTextTransaction.m in Sources */,
				DCED88801E5C303A00DBAD36 /* Theme.swift in Sources */,
				DCED88851E5D224900DBAD36 /* Utils.swift in Sources */,
				DC2A8E131E6004BB007DE893 /* YYTextAsyncLayer.m in Sources */,
				DC2A8DE81E6004A7007DE893 /* YYTextDebugOption.m in Sources */,
				DC2A8DE91E6004A7007DE893 /* YYTextEffectWindow.m in Sources */,
				DCED88821E5D1CBB00DBAD36 /* DeckViewController.swift in Sources */,
				DC442B371E49A07A0006C4E4 /* SpeechViewController.swift in Sources */,
				DC2A8DEB1E6004A7007DE893 /* YYTextKeyboardManager.m in Sources */,
				DC2A8E121E6004BB007DE893 /* UIView+YYText.m in Sources */,
				DC2A8DFB1E6004B0007DE893 /* YYTextAttribute.m in Sources */,
				DC2A8DFA1E6004B0007DE893 /* YYTextArchiver.m in Sources */,
				DCED888C1E5D244800DBAD36 /* DeckTableViewCell.swift in Sources */,
				DC2529451E52E650006F2DEC /* NSString+Japanese.m in Sources */,
				DC2A8DC11E5EE919007DE893 /* Node.m in Sources */,
				DC2A8DE71E6004A7007DE893 /* YYTextContainerView.m in Sources */,
				DC2A8E151E6004BB007DE893 /* YYTextUtilities.m in Sources */,
				DC442B351E49920C0006C4E4 /* TextTableViewCell.swift in Sources */,
				DC2A8E161E6004BB007DE893 /* YYTextWeakProxy.m in Sources */,
				DC2A8DC01E5EE919007DE893 /* MeCabUtil.m in Sources */,
				DC2A8DEE1E6004A7007DE893 /* YYTextMagnifier.m in Sources */,
				DC2A8DD01E60046B007DE893 /* YYLabel.m in Sources */,
				DC442B091E496CA40006C4E4 /* ViewController.swift in Sources */,
				DC2A8DFC1E6004B0007DE893 /* YYTextParser.m in Sources */,
				DC442B071E496CA40006C4E4 /* AppDelegate.swift in Sources */,
				DCED88771E5BEFEF00DBAD36 /* MenuViewController.swift in Sources */,
			);
			runOnlyForDeploymentPostprocessing = 0;
		};
		DC442B131E496CA40006C4E4 /* Sources */ = {
			isa = PBXSourcesBuildPhase;
			buildActionMask = 2147483647;
			files = (
				DC442B1C1E496CA40006C4E4 /* SoundDemoTests.swift in Sources */,
			);
			runOnlyForDeploymentPostprocessing = 0;
		};
		DC442B1E1E496CA40006C4E4 /* Sources */ = {
			isa = PBXSourcesBuildPhase;
			buildActionMask = 2147483647;
			files = (
				DC442B271E496CA40006C4E4 /* SoundDemoUITests.swift in Sources */,
			);
			runOnlyForDeploymentPostprocessing = 0;
		};
/* End PBXSourcesBuildPhase section */

/* Begin PBXTargetDependency section */
		DC442B191E496CA40006C4E4 /* PBXTargetDependency */ = {
			isa = PBXTargetDependency;
			target = DC442B021E496CA40006C4E4 /* SoundDemo */;
			targetProxy = DC442B181E496CA40006C4E4 /* PBXContainerItemProxy */;
		};
		DC442B241E496CA40006C4E4 /* PBXTargetDependency */ = {
			isa = PBXTargetDependency;
			target = DC442B021E496CA40006C4E4 /* SoundDemo */;
			targetProxy = DC442B231E496CA40006C4E4 /* PBXContainerItemProxy */;
		};
/* End PBXTargetDependency section */

/* Begin PBXVariantGroup section */
		DC442B0A1E496CA40006C4E4 /* Main.storyboard */ = {
			isa = PBXVariantGroup;
			children = (
				DC442B0B1E496CA40006C4E4 /* Base */,
			);
			name = Main.storyboard;
			sourceTree = "<group>";
		};
		DC442B0F1E496CA40006C4E4 /* LaunchScreen.storyboard */ = {
			isa = PBXVariantGroup;
			children = (
				DC442B101E496CA40006C4E4 /* Base */,
			);
			name = LaunchScreen.storyboard;
			sourceTree = "<group>";
		};
/* End PBXVariantGroup section */

/* Begin XCBuildConfiguration section */
		DC442B291E496CA40006C4E4 /* Debug */ = {
			isa = XCBuildConfiguration;
			buildSettings = {
				ALWAYS_SEARCH_USER_PATHS = NO;
				CLANG_ANALYZER_NONNULL = YES;
				CLANG_CXX_LANGUAGE_STANDARD = "gnu++0x";
				CLANG_CXX_LIBRARY = "libc++";
				CLANG_ENABLE_MODULES = YES;
				CLANG_ENABLE_OBJC_ARC = YES;
				CLANG_WARN_BOOL_CONVERSION = YES;
				CLANG_WARN_CONSTANT_CONVERSION = YES;
				CLANG_WARN_DIRECT_OBJC_ISA_USAGE = YES_ERROR;
				CLANG_WARN_DOCUMENTATION_COMMENTS = YES;
				CLANG_WARN_EMPTY_BODY = YES;
				CLANG_WARN_ENUM_CONVERSION = YES;
				CLANG_WARN_INFINITE_RECURSION = YES;
				CLANG_WARN_INT_CONVERSION = YES;
				CLANG_WARN_OBJC_ROOT_CLASS = YES_ERROR;
				CLANG_WARN_SUSPICIOUS_MOVE = YES;
				CLANG_WARN_UNREACHABLE_CODE = YES;
				CLANG_WARN__DUPLICATE_METHOD_MATCH = YES;
				"CODE_SIGN_IDENTITY[sdk=iphoneos*]" = "iPhone Developer";
				COPY_PHASE_STRIP = NO;
				DEBUG_INFORMATION_FORMAT = dwarf;
				ENABLE_STRICT_OBJC_MSGSEND = YES;
				ENABLE_TESTABILITY = YES;
				GCC_C_LANGUAGE_STANDARD = gnu99;
				GCC_DYNAMIC_NO_PIC = NO;
				GCC_NO_COMMON_BLOCKS = YES;
				GCC_OPTIMIZATION_LEVEL = 0;
				GCC_PREPROCESSOR_DEFINITIONS = (
					"DEBUG=1",
					"$(inherited)",
				);
				GCC_WARN_64_TO_32_BIT_CONVERSION = YES;
				GCC_WARN_ABOUT_RETURN_TYPE = YES_ERROR;
				GCC_WARN_UNDECLARED_SELECTOR = YES;
				GCC_WARN_UNINITIALIZED_AUTOS = YES_AGGRESSIVE;
				GCC_WARN_UNUSED_FUNCTION = YES;
				GCC_WARN_UNUSED_VARIABLE = YES;
				IPHONEOS_DEPLOYMENT_TARGET = 10.2;
				MTL_ENABLE_DEBUG_INFO = YES;
				ONLY_ACTIVE_ARCH = YES;
				SDKROOT = iphoneos;
				SWIFT_ACTIVE_COMPILATION_CONDITIONS = DEBUG;
				SWIFT_OPTIMIZATION_LEVEL = "-Onone";
				TARGETED_DEVICE_FAMILY = "1,2";
			};
			name = Debug;
		};
		DC442B2A1E496CA40006C4E4 /* Release */ = {
			isa = XCBuildConfiguration;
			buildSettings = {
				ALWAYS_SEARCH_USER_PATHS = NO;
				CLANG_ANALYZER_NONNULL = YES;
				CLANG_CXX_LANGUAGE_STANDARD = "gnu++0x";
				CLANG_CXX_LIBRARY = "libc++";
				CLANG_ENABLE_MODULES = YES;
				CLANG_ENABLE_OBJC_ARC = YES;
				CLANG_WARN_BOOL_CONVERSION = YES;
				CLANG_WARN_CONSTANT_CONVERSION = YES;
				CLANG_WARN_DIRECT_OBJC_ISA_USAGE = YES_ERROR;
				CLANG_WARN_DOCUMENTATION_COMMENTS = YES;
				CLANG_WARN_EMPTY_BODY = YES;
				CLANG_WARN_ENUM_CONVERSION = YES;
				CLANG_WARN_INFINITE_RECURSION = YES;
				CLANG_WARN_INT_CONVERSION = YES;
				CLANG_WARN_OBJC_ROOT_CLASS = YES_ERROR;
				CLANG_WARN_SUSPICIOUS_MOVE = YES;
				CLANG_WARN_UNREACHABLE_CODE = YES;
				CLANG_WARN__DUPLICATE_METHOD_MATCH = YES;
				"CODE_SIGN_IDENTITY[sdk=iphoneos*]" = "iPhone Developer";
				COPY_PHASE_STRIP = NO;
				DEBUG_INFORMATION_FORMAT = "dwarf-with-dsym";
				ENABLE_NS_ASSERTIONS = NO;
				ENABLE_STRICT_OBJC_MSGSEND = YES;
				GCC_C_LANGUAGE_STANDARD = gnu99;
				GCC_NO_COMMON_BLOCKS = YES;
				GCC_WARN_64_TO_32_BIT_CONVERSION = YES;
				GCC_WARN_ABOUT_RETURN_TYPE = YES_ERROR;
				GCC_WARN_UNDECLARED_SELECTOR = YES;
				GCC_WARN_UNINITIALIZED_AUTOS = YES_AGGRESSIVE;
				GCC_WARN_UNUSED_FUNCTION = YES;
				GCC_WARN_UNUSED_VARIABLE = YES;
				IPHONEOS_DEPLOYMENT_TARGET = 10.2;
				MTL_ENABLE_DEBUG_INFO = NO;
				SDKROOT = iphoneos;
				SWIFT_OPTIMIZATION_LEVEL = "-Owholemodule";
				TARGETED_DEVICE_FAMILY = "1,2";
				VALIDATE_PRODUCT = YES;
			};
			name = Release;
		};
		DC442B2C1E496CA40006C4E4 /* Debug */ = {
			isa = XCBuildConfiguration;
			buildSettings = {
				ALWAYS_SEARCH_USER_PATHS = YES;
				ASSETCATALOG_COMPILER_APPICON_NAME = AppIcon;
				CLANG_ENABLE_MODULES = YES;
				DEVELOPMENT_TEAM = NCSVQDLN7H;
				HEADER_SEARCH_PATHS = "\"$(SRCROOT)/mecab/mecab/Classes\"";
				INFOPLIST_FILE = SoundDemo/Info.plist;
				IPHONEOS_DEPLOYMENT_TARGET = 10.0;
				LD_RUNPATH_SEARCH_PATHS = "$(inherited) @executable_path/Frameworks";
				PRODUCT_BUNDLE_IDENTIFIER = com.ngoc.test000;
				PRODUCT_NAME = "$(TARGET_NAME)";
				SWIFT_OBJC_BRIDGING_HEADER = "SoundDemo/SoundDemo-Bridging-Header.h";
				SWIFT_OPTIMIZATION_LEVEL = "-Onone";
				SWIFT_VERSION = 3.0;
			};
			name = Debug;
		};
		DC442B2D1E496CA40006C4E4 /* Release */ = {
			isa = XCBuildConfiguration;
			buildSettings = {
				ALWAYS_SEARCH_USER_PATHS = YES;
				ASSETCATALOG_COMPILER_APPICON_NAME = AppIcon;
				CLANG_ENABLE_MODULES = YES;
				DEVELOPMENT_TEAM = NCSVQDLN7H;
				HEADER_SEARCH_PATHS = "\"$(SRCROOT)/mecab/mecab/Classes\"";
				INFOPLIST_FILE = SoundDemo/Info.plist;
				IPHONEOS_DEPLOYMENT_TARGET = 10.0;
				LD_RUNPATH_SEARCH_PATHS = "$(inherited) @executable_path/Frameworks";
				PRODUCT_BUNDLE_IDENTIFIER = com.ngoc.test000;
				PRODUCT_NAME = "$(TARGET_NAME)";
				SWIFT_OBJC_BRIDGING_HEADER = "SoundDemo/SoundDemo-Bridging-Header.h";
				SWIFT_VERSION = 3.0;
			};
			name = Release;
		};
		DC442B2F1E496CA40006C4E4 /* Debug */ = {
			isa = XCBuildConfiguration;
			buildSettings = {
				ALWAYS_EMBED_SWIFT_STANDARD_LIBRARIES = YES;
				BUNDLE_LOADER = "$(TEST_HOST)";
				INFOPLIST_FILE = SoundDemoTests/Info.plist;
				LD_RUNPATH_SEARCH_PATHS = "$(inherited) @executable_path/Frameworks @loader_path/Frameworks";
				PRODUCT_BUNDLE_IDENTIFIER = com.ngocdm.SoundDemoTests;
				PRODUCT_NAME = "$(TARGET_NAME)";
				SWIFT_VERSION = 3.0;
				TEST_HOST = "$(BUILT_PRODUCTS_DIR)/SoundDemo.app/SoundDemo";
			};
			name = Debug;
		};
		DC442B301E496CA40006C4E4 /* Release */ = {
			isa = XCBuildConfiguration;
			buildSettings = {
				ALWAYS_EMBED_SWIFT_STANDARD_LIBRARIES = YES;
				BUNDLE_LOADER = "$(TEST_HOST)";
				INFOPLIST_FILE = SoundDemoTests/Info.plist;
				LD_RUNPATH_SEARCH_PATHS = "$(inherited) @executable_path/Frameworks @loader_path/Frameworks";
				PRODUCT_BUNDLE_IDENTIFIER = com.ngocdm.SoundDemoTests;
				PRODUCT_NAME = "$(TARGET_NAME)";
				SWIFT_VERSION = 3.0;
				TEST_HOST = "$(BUILT_PRODUCTS_DIR)/SoundDemo.app/SoundDemo";
			};
			name = Release;
		};
		DC442B321E496CA40006C4E4 /* Debug */ = {
			isa = XCBuildConfiguration;
			buildSettings = {
				ALWAYS_EMBED_SWIFT_STANDARD_LIBRARIES = YES;
				INFOPLIST_FILE = SoundDemoUITests/Info.plist;
				LD_RUNPATH_SEARCH_PATHS = "$(inherited) @executable_path/Frameworks @loader_path/Frameworks";
				PRODUCT_BUNDLE_IDENTIFIER = com.ngocdm.SoundDemoUITests;
				PRODUCT_NAME = "$(TARGET_NAME)";
				SWIFT_VERSION = 3.0;
				TEST_TARGET_NAME = SoundDemo;
			};
			name = Debug;
		};
		DC442B331E496CA40006C4E4 /* Release */ = {
			isa = XCBuildConfiguration;
			buildSettings = {
				ALWAYS_EMBED_SWIFT_STANDARD_LIBRARIES = YES;
				INFOPLIST_FILE = SoundDemoUITests/Info.plist;
				LD_RUNPATH_SEARCH_PATHS = "$(inherited) @executable_path/Frameworks @loader_path/Frameworks";
				PRODUCT_BUNDLE_IDENTIFIER = com.ngocdm.SoundDemoUITests;
				PRODUCT_NAME = "$(TARGET_NAME)";
				SWIFT_VERSION = 3.0;
				TEST_TARGET_NAME = SoundDemo;
			};
			name = Release;
		};
/* End XCBuildConfiguration section */

/* Begin XCConfigurationList section */
		DC442AFE1E496CA40006C4E4 /* Build configuration list for PBXProject "SoundDemo" */ = {
			isa = XCConfigurationList;
			buildConfigurations = (
				DC442B291E496CA40006C4E4 /* Debug */,
				DC442B2A1E496CA40006C4E4 /* Release */,
			);
			defaultConfigurationIsVisible = 0;
			defaultConfigurationName = Release;
		};
		DC442B2B1E496CA40006C4E4 /* Build configuration list for PBXNativeTarget "SoundDemo" */ = {
			isa = XCConfigurationList;
			buildConfigurations = (
				DC442B2C1E496CA40006C4E4 /* Debug */,
				DC442B2D1E496CA40006C4E4 /* Release */,
			);
			defaultConfigurationIsVisible = 0;
			defaultConfigurationName = Release;
		};
		DC442B2E1E496CA40006C4E4 /* Build configuration list for PBXNativeTarget "SoundDemoTests" */ = {
			isa = XCConfigurationList;
			buildConfigurations = (
				DC442B2F1E496CA40006C4E4 /* Debug */,
				DC442B301E496CA40006C4E4 /* Release */,
			);
			defaultConfigurationIsVisible = 0;
			defaultConfigurationName = Release;
		};
		DC442B311E496CA40006C4E4 /* Build configuration list for PBXNativeTarget "SoundDemoUITests" */ = {
			isa = XCConfigurationList;
			buildConfigurations = (
				DC442B321E496CA40006C4E4 /* Debug */,
				DC442B331E496CA40006C4E4 /* Release */,
			);
			defaultConfigurationIsVisible = 0;
			defaultConfigurationName = Release;
		};
/* End XCConfigurationList section */
	};
	rootObject = DC442AFB1E496CA40006C4E4 /* Project object */;
}
